<?xml version="1.0" encoding="utf-8"?>
<Project ToolsVersion="4.0" xmlns="http://schemas.microsoft.com/developer/msbuild/2003">
  <ItemGroup>
    <ClCompile Include="Camera.cpp">
      <Filter>Source files</Filter>
    </ClCompile>
    <ClCompile Include="Floor.cpp">
      <Filter>Source files</Filter>
    </ClCompile>
    <ClCompile Include="Light.cpp">
      <Filter>Source files</Filter>
    </ClCompile>
    <ClCompile Include="Main.cpp">
      <Filter>Source files</Filter>
    </ClCompile>
    <ClCompile Include="Menu.cpp">
      <Filter>Source files</Filter>
    </ClCompile>
    <ClCompile Include="Objects.cpp">
      <Filter>Source files</Filter>
    </ClCompile>
    <ClCompile Include="Robot.cpp">
      <Filter>Source files</Filter>
    </ClCompile>
    <ClCompile Include="RobotCamera.cpp">
      <Filter>Source files</Filter>
    </ClCompile>
    <ClCompile Include="Room.cpp">
      <Filter>Source files</Filter>
    </ClCompile>
    <ClCompile Include="Table.cpp">
      <Filter>Source files</Filter>
    </ClCompile>
    <ClCompile Include="Texture.cpp">
      <Filter>Source files</Filter>
    </ClCompile>
    <ClCompile Include="Wall.cpp">
      <Filter>Source files</Filter>
    </ClCompile>
    <ClCompile Include="stb_image.cpp">
      <Filter>Source files\stb_image</Filter>
    </ClCompile>
    <ClCompile Include="Refrigerator.cpp">
      <Filter>Source files</Filter>
    </ClCompile>
  </ItemGroup>
  <ItemGroup>
    <ClInclude Include="Camera.h">
      <Filter>Headers</Filter>
    </ClInclude>
    <ClInclude Include="Floor.h">
      <Filter>Headers</Filter>
    </ClInclude>
    <ClInclude Include="HeaderGL.h">
      <Filter>Headers</Filter>
    </ClInclude>
    <ClInclude Include="Light.h">
      <Filter>Headers</Filter>
    </ClInclude>
    <ClInclude Include="Menu.h">
      <Filter>Headers</Filter>
    </ClInclude>
    <ClInclude Include="Objects.h">
      <Filter>Headers</Filter>
    </ClInclude>
    <ClInclude Include="Robot.h">
      <Filter>Headers</Filter>
    </ClInclude>
    <ClInclude Include="RobotCamera.h">
      <Filter>Headers</Filter>
    </ClInclude>
    <ClInclude Include="Room.h">
      <Filter>Headers</Filter>
    </ClInclude>
    <ClInclude Include="Scene.h">
      <Filter>Headers</Filter>
    </ClInclude>
    <ClInclude Include="Table.h">
      <Filter>Headers</Filter>
    </ClInclude>
    <ClInclude Include="Texture.h">
      <Filter>Headers</Filter>
    </ClInclude>
    <ClInclude Include="Wall.h">
      <Filter>Headers</Filter>
    </ClInclude>
    <ClInclude Include="stb_image.h">
      <Filter>Source files\stb_image</Filter>
    </ClInclude>
    <ClInclude Include="Refrigerator.h">
      <Filter>Headers</Filter>
    </ClInclude>
  </ItemGroup>
  <ItemGroup>
    <Image Include="woodenTexture.jpg" />
    <Image Include="..\..\..\..\..\Downloads\floorTexture.jpg" />
  </ItemGroup>
  <ItemGroup>
    <Filter Include="Headers">
      <UniqueIdentifier>{3db8ae8b-7fb5-43a4-834b-c60cd48da9d1}</UniqueIdentifier>
    </Filter>
    <Filter Include="Source files">
      <UniqueIdentifier>{ca426b86-3868-457a-ab68-0e73c61e5759}</UniqueIdentifier>
    </Filter>
    <Filter Include="Source files\stb_image">
      <UniqueIdentifier>{8a849fcc-e632-4aa1-bfc8-96c525ff8d55}</UniqueIdentifier>
    </Filter>
  </ItemGroup>
</Project>